{
  "nodes": {
    "atuin": {
      "inputs": {
        "fenix": "fenix",
        "flake-compat": "flake-compat",
        "flake-utils": "flake-utils",
        "nixpkgs": [
          "nixpkgs"
        ]
      },
      "locked": {
        "lastModified": 1746109101,
        "narHash": "sha256-G8VpDehQH1TPBUd3OWXFiyfk5you6O1HwoedWnfAynI=",
        "owner": "atuinsh",
        "repo": "atuin",
        "rev": "100de6e463fb10ad224699fd63e808a963ef318d",
        "type": "github"
      },
      "original": {
        "owner": "atuinsh",
        "repo": "atuin",
        "type": "github"
      }
    },
    "ewwtilities": {
      "inputs": {
        "nixpkgs": "nixpkgs",
        "rust-overlay": "rust-overlay"
      },
      "locked": {
        "lastModified": 1732336287,
        "narHash": "sha256-9f4IkZ4ualbOjao1IWcILgKRZkV0tXR2/dE+VQo6Io8=",
        "ref": "refs/heads/main",
        "rev": "215605a938a8295e03234c084b41ed60f9a5d5d1",
        "revCount": 35,
        "type": "git",
        "url": "https://git.nickiel.net/Nickiel/Ewwtilities.git"
      },
      "original": {
        "type": "git",
        "url": "https://git.nickiel.net/Nickiel/Ewwtilities.git"
      }
    },
    "fenix": {
      "inputs": {
        "nixpkgs": [
          "atuin",
          "nixpkgs"
        ],
        "rust-analyzer-src": "rust-analyzer-src"
      },
      "locked": {
        "lastModified": 1742366221,
        "narHash": "sha256-GhWGWyGUvTF7H2DDGlQehsve1vRqIKAFhxy6D82Nj3Q=",
        "owner": "nix-community",
        "repo": "fenix",
        "rev": "a074d1bc9fd34f6b3a9049c5a61a82aea2044801",
        "type": "github"
      },
      "original": {
        "owner": "nix-community",
        "repo": "fenix",
        "type": "github"
      }
    },
    "flake-compat": {
      "flake": false,
      "locked": {
        "lastModified": 1733328505,
        "narHash": "sha256-NeCCThCEP3eCl2l/+27kNNK7QrwZB1IJCrXfrbv5oqU=",
        "owner": "edolstra",
        "repo": "flake-compat",
        "rev": "ff81ac966bb2cae68946d5ed5fc4994f96d0ffec",
        "type": "github"
      },
      "original": {
        "owner": "edolstra",
        "repo": "flake-compat",
        "type": "github"
      }
    },
    "flake-compat_2": {
      "flake": false,
      "locked": {
        "lastModified": 1733328505,
        "narHash": "sha256-NeCCThCEP3eCl2l/+27kNNK7QrwZB1IJCrXfrbv5oqU=",
        "owner": "edolstra",
        "repo": "flake-compat",
        "rev": "ff81ac966bb2cae68946d5ed5fc4994f96d0ffec",
        "type": "github"
      },
      "original": {
        "owner": "edolstra",
        "repo": "flake-compat",
        "type": "github"
      }
    },
    "flake-compat_3": {
      "flake": false,
      "locked": {
        "lastModified": 1696426674,
        "narHash": "sha256-kvjfFW7WAETZlt09AgDn1MrtKzP7t90Vf7vypd3OL1U=",
        "owner": "edolstra",
        "repo": "flake-compat",
        "rev": "0f9255e01c2351cc7d116c072cb317785dd33b33",
        "type": "github"
      },
      "original": {
        "owner": "edolstra",
        "repo": "flake-compat",
        "type": "github"
      }
    },
    "flake-parts": {
      "inputs": {
        "nixpkgs-lib": [
          "nixvim",
          "nixpkgs"
        ]
      },
      "locked": {
        "lastModified": 1743550720,
        "narHash": "sha256-hIshGgKZCgWh6AYJpJmRgFdR3WUbkY04o82X05xqQiY=",
        "owner": "hercules-ci",
        "repo": "flake-parts",
        "rev": "c621e8422220273271f52058f618c94e405bb0f5",
        "type": "github"
      },
      "original": {
        "owner": "hercules-ci",
        "repo": "flake-parts",
        "type": "github"
      }
    },
    "flake-utils": {
      "inputs": {
        "systems": "systems"
      },
      "locked": {
        "lastModified": 1731533236,
        "narHash": "sha256-l0KFg5HjrsfsO/JpG+r7fRrqm12kzFHyUHqHCVpMMbI=",
        "owner": "numtide",
        "repo": "flake-utils",
        "rev": "11707dc2f618dd54ca8739b309ec4fc024de578b",
        "type": "github"
      },
      "original": {
        "owner": "numtide",
        "repo": "flake-utils",
        "type": "github"
      }
    },
    "flake-utils_2": {
      "inputs": {
        "systems": "systems_5"
      },
      "locked": {
        "lastModified": 1681202837,
        "narHash": "sha256-H+Rh19JDwRtpVPAWp64F+rlEtxUWBAQW28eAi3SRSzg=",
        "owner": "numtide",
        "repo": "flake-utils",
        "rev": "cfacdce06f30d2b68473a46042957675eebb3401",
        "type": "github"
      },
      "original": {
        "owner": "numtide",
        "repo": "flake-utils",
        "type": "github"
      }
    },
    "flake-utils_3": {
      "inputs": {
        "systems": "systems_6"
      },
      "locked": {
        "lastModified": 1731533236,
        "narHash": "sha256-l0KFg5HjrsfsO/JpG+r7fRrqm12kzFHyUHqHCVpMMbI=",
        "owner": "numtide",
        "repo": "flake-utils",
        "rev": "11707dc2f618dd54ca8739b309ec4fc024de578b",
        "type": "github"
      },
      "original": {
        "owner": "numtide",
        "repo": "flake-utils",
        "type": "github"
      }
    },
    "flake-utils_4": {
      "inputs": {
        "systems": "systems_8"
      },
      "locked": {
        "lastModified": 1705309234,
        "narHash": "sha256-uNRRNRKmJyCRC/8y1RqBkqWBLM034y4qN7EprSdmgyA=",
        "owner": "numtide",
        "repo": "flake-utils",
        "rev": "1ef2e671c3b0c19053962c07dbda38332dcebf26",
        "type": "github"
      },
      "original": {
        "owner": "numtide",
        "repo": "flake-utils",
        "type": "github"
      }
    },
    "gitignore": {
      "inputs": {
        "nixpkgs": [
          "zls",
          "nixpkgs"
        ]
      },
      "locked": {
        "lastModified": 1709087332,
        "narHash": "sha256-HG2cCnktfHsKV0s4XW83gU3F57gaTljL9KNSuG6bnQs=",
        "owner": "hercules-ci",
        "repo": "gitignore.nix",
        "rev": "637db329424fd7e46cf4185293b9cc8c88c95394",
        "type": "github"
      },
      "original": {
        "owner": "hercules-ci",
        "repo": "gitignore.nix",
        "type": "github"
      }
    },
    "headscale": {
      "inputs": {
        "flake-utils": [
          "utils"
        ],
        "nixpkgs": [
          "nixpkgs"
        ]
      },
      "locked": {
        "lastModified": 1740503902,
        "narHash": "sha256-CrdMxRAgrDE1lJ3v9AhCN+cKOVqmIVwjE0x+msSVT+c=",
        "owner": "juanfont",
        "repo": "headscale",
        "rev": "ade7f2a2b1795768ce146913e25011cd11a1a012",
        "type": "github"
      },
      "original": {
        "owner": "juanfont",
        "repo": "headscale",
        "rev": "ade7f2a2b1795768ce146913e25011cd11a1a012",
        "type": "github"
      }
    },
    "home-manager": {
      "inputs": {
        "nixpkgs": [
          "nixpkgs"
        ]
      },
      "locked": {
        "lastModified": 1746287478,
        "narHash": "sha256-z3HiHR2CNAdwyZTWPM2kkzhE1gD1G6ExPxkaiQfNh7s=",
        "owner": "nix-community",
        "repo": "home-manager",
        "rev": "75268f62525920c4936404a056f37b91e299c97e",
        "type": "github"
      },
      "original": {
        "owner": "nix-community",
        "repo": "home-manager",
        "type": "github"
      }
    },
    "hyprcursor": {
      "inputs": {
        "hyprlang": "hyprlang",
        "nixpkgs": [
          "mcmojave-hyprcursor",
          "nixpkgs"
        ],
        "systems": "systems_2"
      },
      "locked": {
        "lastModified": 1738664950,
        "narHash": "sha256-xIeGNM+iivwVHkv9tHwOqoUP5dDrtees34bbFKKMZYs=",
        "owner": "hyprwm",
        "repo": "hyprcursor",
        "rev": "7c6d165e1eb9045a996551eb9f121b6d1b30adc3",
        "type": "github"
      },
      "original": {
        "owner": "hyprwm",
        "repo": "hyprcursor",
        "type": "github"
      }
    },
    "hyprlang": {
      "inputs": {
        "hyprutils": "hyprutils",
        "nixpkgs": [
          "mcmojave-hyprcursor",
          "hyprcursor",
          "nixpkgs"
        ],
        "systems": [
          "mcmojave-hyprcursor",
          "hyprcursor",
          "systems"
        ]
      },
      "locked": {
        "lastModified": 1737634606,
        "narHash": "sha256-W7W87Cv6wqZ9PHegI6rH1+ve3zJPiyevMFf0/HwdbCQ=",
        "owner": "hyprwm",
        "repo": "hyprlang",
        "rev": "f41271d35cc0f370d300413d756c2677f386af9d",
        "type": "github"
      },
      "original": {
        "owner": "hyprwm",
        "repo": "hyprlang",
        "type": "github"
      }
    },
    "hyprutils": {
      "inputs": {
        "nixpkgs": [
          "mcmojave-hyprcursor",
          "hyprcursor",
          "hyprlang",
          "nixpkgs"
        ],
        "systems": [
          "mcmojave-hyprcursor",
          "hyprcursor",
          "hyprlang",
          "systems"
        ]
      },
      "locked": {
        "lastModified": 1737632363,
        "narHash": "sha256-X9I8POSlHxBVjD0fiX1O2j7U9Zi1+4rIkrsyHP0uHXY=",
        "owner": "hyprwm",
        "repo": "hyprutils",
        "rev": "006620eb29d54ea9086538891404c78563d1bae1",
        "type": "github"
      },
      "original": {
        "owner": "hyprwm",
        "repo": "hyprutils",
        "type": "github"
      }
    },
    "ixx": {
      "inputs": {
        "flake-utils": [
          "nixvim",
          "nuschtosSearch",
          "flake-utils"
        ],
        "nixpkgs": [
          "nixvim",
          "nuschtosSearch",
          "nixpkgs"
        ]
      },
      "locked": {
        "lastModified": 1737371634,
        "narHash": "sha256-fTVAWzT1UMm1lT+YxHuVPtH+DATrhYfea3B0MxG/cGw=",
        "owner": "NuschtOS",
        "repo": "ixx",
        "rev": "a1176e2a10ce745ff8f63e4af124ece8fe0b1648",
        "type": "github"
      },
      "original": {
        "owner": "NuschtOS",
        "ref": "v0.0.7",
        "repo": "ixx",
        "type": "github"
      }
    },
    "kmonad": {
      "inputs": {
        "nixpkgs": "nixpkgs_3"
      },
      "locked": {
        "dir": "nix",
        "lastModified": 1745943271,
        "narHash": "sha256-PwQ/1yPHAisngQN/4J9TzPjvpuLOK9yq81LCHF3XK3Y=",
        "owner": "kmonad",
        "repo": "kmonad",
        "rev": "4c0314638a604b8c61cf9bdc0f40e1ebc2c6fa8c",
        "type": "github"
      },
      "original": {
        "dir": "nix",
        "owner": "kmonad",
        "repo": "kmonad",
        "type": "github"
      }
    },
    "mcmojave-hyprcursor": {
      "inputs": {
        "hyprcursor": "hyprcursor",
        "nixpkgs": [
          "nixpkgs"
        ],
        "systems": "systems_3"
      },
      "locked": {
        "lastModified": 1739752476,
        "narHash": "sha256-gwf5zxjge/vNfrM62Dm+dxGXb+VJnF4HyLTaNIFYXdo=",
        "ref": "refs/heads/main",
        "rev": "a43d1111d3dae9bef787dee6bd442b5260697417",
        "revCount": 10,
        "type": "git",
        "url": "https://git.nickiel.net/nickiel/mcmojave-hyprcursor.git"
      },
      "original": {
        "type": "git",
        "url": "https://git.nickiel.net/nickiel/mcmojave-hyprcursor.git"
      }
    },
    "mcmojave-xcursor": {
      "inputs": {
        "nixpkgs": [
          "nixpkgs"
        ],
        "systems": "systems_4"
      },
      "locked": {
        "lastModified": 1739752990,
        "narHash": "sha256-QsXk1addIDN3pp8/FEtLIsvXrpGytRj8LFQi35wUxgI=",
        "ref": "refs/heads/master",
        "rev": "e1ddb4d5394c769e09accd34ec9b6874ebd7ddc7",
        "revCount": 13,
        "type": "git",
        "url": "https://git.nickiel.net/nickiel/mcmojave-cursors.git"
      },
      "original": {
        "type": "git",
        "url": "https://git.nickiel.net/nickiel/mcmojave-cursors.git"
      }
    },
    "nicks_nextcloud_integrations": {
      "inputs": {
        "nixpkgs": "nixpkgs_4",
        "rust-overlay": "rust-overlay_2"
      },
      "locked": {
        "lastModified": 1701647612,
        "narHash": "sha256-hGLOVe2vXNUJxcXNFpKipthxXRidgNyL1Vg3A0OtrFY=",
        "ref": "refs/heads/main",
        "rev": "f67292fd9023fef8499da69a2c85a3e8447306c9",
        "revCount": 77,
        "type": "git",
        "url": "https://git.nickiel.net/Nickiel/nicks_nextcloud_integrations.git"
      },
      "original": {
        "type": "git",
        "url": "https://git.nickiel.net/Nickiel/nicks_nextcloud_integrations.git"
      }
    },
    "nixos-wsl": {
      "inputs": {
        "flake-compat": "flake-compat_2",
        "nixpkgs": "nixpkgs_6"
      },
      "locked": {
        "lastModified": 1746286866,
        "narHash": "sha256-oSFEsgSEcLX7kYQXH5q/xyncD3qmrGgXv22pGDPPfBY=",
        "owner": "nix-community",
        "repo": "NixOS-WSL",
        "rev": "0f4ffe22d9736192f560cb851d64106fe65b6adc",
        "type": "github"
      },
      "original": {
        "owner": "nix-community",
        "ref": "main",
        "repo": "NixOS-WSL",
        "type": "github"
      }
    },
    "nixpkgs": {
      "locked": {
        "lastModified": 1732014248,
        "narHash": "sha256-y/MEyuJ5oBWrWAic/14LaIr/u5E0wRVzyYsouYY3W6w=",
        "owner": "NixOS",
        "repo": "nixpkgs",
        "rev": "23e89b7da85c3640bbc2173fe04f4bd114342367",
        "type": "github"
      },
      "original": {
        "owner": "NixOS",
        "ref": "nixos-unstable",
        "repo": "nixpkgs",
        "type": "github"
      }
    },
    "nixpkgs-stable": {
      "locked": {
        "lastModified": 1720535198,
        "narHash": "sha256-zwVvxrdIzralnSbcpghA92tWu2DV2lwv89xZc8MTrbg=",
        "owner": "NixOS",
        "repo": "nixpkgs",
        "rev": "205fd4226592cc83fd4c0885a3e4c9c400efabb5",
        "type": "github"
      },
      "original": {
        "owner": "NixOS",
        "ref": "release-23.11",
        "repo": "nixpkgs",
        "type": "github"
      }
    },
    "nixpkgs_2": {
      "locked": {
        "lastModified": 1728538411,
        "narHash": "sha256-f0SBJz1eZ2yOuKUr5CA9BHULGXVSn6miBuUWdTyhUhU=",
        "owner": "NixOS",
        "repo": "nixpkgs",
        "rev": "b69de56fac8c2b6f8fd27f2eca01dcda8e0a4221",
        "type": "github"
      },
      "original": {
        "owner": "NixOS",
        "ref": "nixpkgs-unstable",
        "repo": "nixpkgs",
        "type": "github"
      }
    },
    "nixpkgs_3": {
      "locked": {
        "lastModified": 1744157173,
        "narHash": "sha256-bWSjxDwq7iVePrhmA7tY2dyMWHuNJo8knkO4y+q4ZkY=",
        "owner": "NixOS",
        "repo": "nixpkgs",
        "rev": "6a39c6e495eefabc935d8ddf66aa45d85b85fa3f",
        "type": "github"
      },
      "original": {
        "owner": "NixOS",
        "ref": "nixpkgs-unstable",
        "repo": "nixpkgs",
        "type": "github"
      }
    },
    "nixpkgs_4": {
      "locked": {
        "lastModified": 1692447944,
        "narHash": "sha256-fkJGNjEmTPvqBs215EQU4r9ivecV5Qge5cF/QDLVn3U=",
        "owner": "NixOS",
        "repo": "nixpkgs",
        "rev": "d680ded26da5cf104dd2735a51e88d2d8f487b4d",
        "type": "github"
      },
      "original": {
        "owner": "NixOS",
        "ref": "nixos-unstable",
        "repo": "nixpkgs",
        "type": "github"
      }
    },
    "nixpkgs_5": {
      "locked": {
        "lastModified": 1681358109,
        "narHash": "sha256-eKyxW4OohHQx9Urxi7TQlFBTDWII+F+x2hklDOQPB50=",
        "owner": "NixOS",
        "repo": "nixpkgs",
        "rev": "96ba1c52e54e74c3197f4d43026b3f3d92e83ff9",
        "type": "github"
      },
      "original": {
        "owner": "NixOS",
        "ref": "nixpkgs-unstable",
        "repo": "nixpkgs",
        "type": "github"
      }
    },
    "nixpkgs_6": {
      "locked": {
        "lastModified": 1742937945,
        "narHash": "sha256-lWc+79eZRyvHp/SqMhHTMzZVhpxkRvthsP1Qx6UCq0E=",
        "owner": "NixOS",
        "repo": "nixpkgs",
        "rev": "d02d88f8de5b882ccdde0465d8fa2db3aa1169f7",
        "type": "github"
      },
      "original": {
        "owner": "NixOS",
        "ref": "nixos-24.11",
        "repo": "nixpkgs",
        "type": "github"
      }
    },
    "nixpkgs_7": {
      "locked": {
        "lastModified": 1746232882,
        "narHash": "sha256-MHmBH2rS8KkRRdoU/feC/dKbdlMkcNkB5mwkuipVHeQ=",
        "owner": "nixos",
        "repo": "nixpkgs",
        "rev": "7a2622e2c0dbad5c4493cb268aba12896e28b008",
        "type": "github"
      },
      "original": {
        "owner": "nixos",
        "ref": "nixos-unstable",
        "repo": "nixpkgs",
        "type": "github"
      }
    },
    "nixpkgs_8": {
      "locked": {
        "lastModified": 1746206129,
        "narHash": "sha256-JA4DynBKhY7t4DdJZTuomRLAiXFDUgCGGwxgt+XGiik=",
        "owner": "NixOS",
        "repo": "nixpkgs",
        "rev": "9a7caecf30a0494c88b7daeeed29244cd9a52e7d",
        "type": "github"
      },
      "original": {
        "owner": "NixOS",
        "ref": "nixpkgs-unstable",
        "repo": "nixpkgs",
        "type": "github"
      }
    },
    "nixvim": {
      "inputs": {
        "flake-parts": "flake-parts",
        "nixpkgs": "nixpkgs_8",
        "nuschtosSearch": "nuschtosSearch"
      },
      "locked": {
        "lastModified": 1746289290,
        "narHash": "sha256-bp7ChzcV0RJeNgFV8BXg7j5QZA7Ce5ngk1MEXbQl70A=",
        "owner": "nix-community",
        "repo": "nixvim",
        "rev": "8b3107ad6f520080135e06ab6c017bdd3952d210",
        "type": "github"
      },
      "original": {
        "owner": "nix-community",
        "repo": "nixvim",
        "type": "github"
      }
    },
    "nuschtosSearch": {
      "inputs": {
        "flake-utils": "flake-utils_3",
        "ixx": "ixx",
        "nixpkgs": [
          "nixvim",
          "nixpkgs"
        ]
      },
      "locked": {
        "lastModified": 1745046075,
        "narHash": "sha256-8v4y6k16Ra/fiecb4DxhsoOGtzLKgKlS+9/XJ9z0T2I=",
        "owner": "NuschtOS",
        "repo": "search",
        "rev": "066afe8643274470f4a294442aadd988356a478f",
        "type": "github"
      },
      "original": {
        "owner": "NuschtOS",
        "repo": "search",
        "type": "github"
      }
    },
    "root": {
      "inputs": {
        "atuin": "atuin",
        "ewwtilities": "ewwtilities",
        "headscale": "headscale",
        "home-manager": "home-manager",
        "kmonad": "kmonad",
        "mcmojave-hyprcursor": "mcmojave-hyprcursor",
        "mcmojave-xcursor": "mcmojave-xcursor",
        "nicks_nextcloud_integrations": "nicks_nextcloud_integrations",
        "nixos-wsl": "nixos-wsl",
        "nixpkgs": "nixpkgs_7",
        "nixpkgs-stable": "nixpkgs-stable",
        "nixvim": "nixvim",
        "utils": "utils",
        "zls": "zls"
      }
    },
    "rust-analyzer-src": {
      "flake": false,
      "locked": {
        "lastModified": 1742296961,
        "narHash": "sha256-gCpvEQOrugHWLimD1wTFOJHagnSEP6VYBDspq96Idu0=",
        "owner": "rust-lang",
        "repo": "rust-analyzer",
        "rev": "15d87419f1a123d8f888d608129c3ce3ff8f13d4",
        "type": "github"
      },
      "original": {
        "owner": "rust-lang",
        "ref": "nightly",
        "repo": "rust-analyzer",
        "type": "github"
      }
    },
    "rust-overlay": {
      "inputs": {
        "nixpkgs": "nixpkgs_2"
      },
      "locked": {
        "lastModified": 1732328983,
        "narHash": "sha256-RHt12f/slrzDpSL7SSkydh8wUE4Nr4r23HlpWywed9E=",
        "owner": "oxalica",
        "repo": "rust-overlay",
        "rev": "ed8aa5b64f7d36d9338eb1d0a3bb60cf52069a72",
        "type": "github"
      },
      "original": {
        "owner": "oxalica",
        "repo": "rust-overlay",
        "type": "github"
      }
    },
    "rust-overlay_2": {
      "inputs": {
        "flake-utils": "flake-utils_2",
        "nixpkgs": "nixpkgs_5"
      },
      "locked": {
        "lastModified": 1692497375,
        "narHash": "sha256-50w6YzSA+0utDmBY0TPndRGYypBbJrKQHlOFGedo70I=",
        "owner": "oxalica",
        "repo": "rust-overlay",
        "rev": "41ea15ff958038712f108332d68f32745af9dd35",
        "type": "github"
      },
      "original": {
        "owner": "oxalica",
        "repo": "rust-overlay",
        "type": "github"
      }
    },
    "systems": {
      "locked": {
        "lastModified": 1681028828,
        "narHash": "sha256-Vy1rq5AaRuLzOxct8nz4T6wlgyUR7zLU309k9mBC768=",
        "owner": "nix-systems",
        "repo": "default",
        "rev": "da67096a3b9bf56a91d16901293e51ba5b49a27e",
        "type": "github"
      },
      "original": {
        "owner": "nix-systems",
        "repo": "default",
        "type": "github"
      }
    },
    "systems_2": {
      "locked": {
        "lastModified": 1689347949,
        "narHash": "sha256-12tWmuL2zgBgZkdoB6qXZsgJEH9LR3oUgpaQq2RbI80=",
        "owner": "nix-systems",
        "repo": "default-linux",
        "rev": "31732fcf5e8fea42e59c2488ad31a0e651500f68",
        "type": "github"
      },
      "original": {
        "owner": "nix-systems",
        "repo": "default-linux",
        "type": "github"
      }
    },
    "systems_3": {
      "locked": {
        "lastModified": 1689347949,
        "narHash": "sha256-12tWmuL2zgBgZkdoB6qXZsgJEH9LR3oUgpaQq2RbI80=",
        "owner": "nix-systems",
        "repo": "default-linux",
        "rev": "31732fcf5e8fea42e59c2488ad31a0e651500f68",
        "type": "github"
      },
      "original": {
        "owner": "nix-systems",
        "repo": "default-linux",
        "type": "github"
      }
    },
    "systems_4": {
      "locked": {
        "lastModified": 1689347949,
        "narHash": "sha256-12tWmuL2zgBgZkdoB6qXZsgJEH9LR3oUgpaQq2RbI80=",
        "owner": "nix-systems",
        "repo": "default-linux",
        "rev": "31732fcf5e8fea42e59c2488ad31a0e651500f68",
        "type": "github"
      },
      "original": {
        "owner": "nix-systems",
        "repo": "default-linux",
        "type": "github"
      }
    },
    "systems_5": {
      "locked": {
        "lastModified": 1681028828,
        "narHash": "sha256-Vy1rq5AaRuLzOxct8nz4T6wlgyUR7zLU309k9mBC768=",
        "owner": "nix-systems",
        "repo": "default",
        "rev": "da67096a3b9bf56a91d16901293e51ba5b49a27e",
        "type": "github"
      },
      "original": {
        "owner": "nix-systems",
        "repo": "default",
        "type": "github"
      }
    },
    "systems_6": {
      "locked": {
        "lastModified": 1681028828,
        "narHash": "sha256-Vy1rq5AaRuLzOxct8nz4T6wlgyUR7zLU309k9mBC768=",
        "owner": "nix-systems",
        "repo": "default",
        "rev": "da67096a3b9bf56a91d16901293e51ba5b49a27e",
        "type": "github"
      },
      "original": {
        "owner": "nix-systems",
        "repo": "default",
        "type": "github"
      }
    },
    "systems_7": {
      "locked": {
        "lastModified": 1681028828,
        "narHash": "sha256-Vy1rq5AaRuLzOxct8nz4T6wlgyUR7zLU309k9mBC768=",
        "owner": "nix-systems",
        "repo": "default",
        "rev": "da67096a3b9bf56a91d16901293e51ba5b49a27e",
        "type": "github"
      },
      "original": {
        "owner": "nix-systems",
        "repo": "default",
        "type": "github"
      }
    },
    "systems_8": {
      "locked": {
        "lastModified": 1681028828,
        "narHash": "sha256-Vy1rq5AaRuLzOxct8nz4T6wlgyUR7zLU309k9mBC768=",
        "owner": "nix-systems",
        "repo": "default",
        "rev": "da67096a3b9bf56a91d16901293e51ba5b49a27e",
        "type": "github"
      },
      "original": {
        "owner": "nix-systems",
        "repo": "default",
        "type": "github"
      }
    },
    "utils": {
      "inputs": {
        "systems": "systems_7"
      },
      "locked": {
        "lastModified": 1731533236,
        "narHash": "sha256-l0KFg5HjrsfsO/JpG+r7fRrqm12kzFHyUHqHCVpMMbI=",
        "owner": "numtide",
        "repo": "flake-utils",
        "rev": "11707dc2f618dd54ca8739b309ec4fc024de578b",
        "type": "github"
      },
      "original": {
        "owner": "numtide",
        "repo": "flake-utils",
        "type": "github"
      }
    },
    "zig-overlay": {
      "inputs": {
        "flake-compat": "flake-compat_3",
        "flake-utils": "flake-utils_4",
        "nixpkgs": [
          "zls",
          "nixpkgs"
        ]
      },
      "locked": {
        "lastModified": 1746187975,
        "narHash": "sha256-/WWBE1zNJyVDkUkbslqkHJYR0Oens9znaZSXUZ5qT2o=",
        "owner": "mitchellh",
        "repo": "zig-overlay",
        "rev": "efc4c87cce0e2dcdf52435147d1d8d514ab47bf2",
        "type": "github"
      },
      "original": {
        "owner": "mitchellh",
        "repo": "zig-overlay",
        "type": "github"
      }
    },
    "zls": {
      "inputs": {
        "gitignore": "gitignore",
        "nixpkgs": [
          "nixpkgs"
        ],
        "zig-overlay": "zig-overlay"
      },
      "locked": {
        "lastModified": 1746203053,
        "narHash": "sha256-lLo36G4NmXFG6gk23jF+JHd86HwfgE08uot1bm4Wquw=",
        "owner": "zigtools",
        "repo": "zls",
        "rev": "447beba525e3fe6eed52b6a6e95f412644683f5d",
        "type": "github"
      },
      "original": {
        "owner": "zigtools",
        "repo": "zls",
        "type": "github"
      }
    }
  },
  "root": "root",
  "version": 7
}
